// !$*UTF8*$!
{
	archiveVersion = 1;
	classes = {
	};
	objectVersion = 52;
	objects = {

/* Begin PBXBuildFile section */
		1477C97E25681B8B006C7FD4 /* LoginViewController.swift in Sources */ = {isa = PBXBuildFile; fileRef = 1477C97D25681B8B006C7FD4 /* LoginViewController.swift */; };
		1477C98625681DE2006C7FD4 /* Style.swift in Sources */ = {isa = PBXBuildFile; fileRef = 1477C98525681DE2006C7FD4 /* Style.swift */; };
		1477C99525699BB3006C7FD4 /* MyCardTableViewCell.swift in Sources */ = {isa = PBXBuildFile; fileRef = 1477C99425699BB3006C7FD4 /* MyCardTableViewCell.swift */; };
		1477C99D25699C6D006C7FD4 /* MyCardsTableViewController.swift in Sources */ = {isa = PBXBuildFile; fileRef = 1477C99C25699C6D006C7FD4 /* MyCardsTableViewController.swift */; };
		148A818B255AC6470066C9C6 /* BuildFile in Frameworks */ = {isa = PBXBuildFile; productRef = 148A818A255AC6470066C9C6 /* SwiftPackageProductDependency */; };
		148BC2682560118600E90329 /* GameModel.swift in Sources */ = {isa = PBXBuildFile; fileRef = 148BC2672560118600E90329 /* GameModel.swift */; };
		148BC2792561BE2000E90329 /* NetworkManager.swift in Sources */ = {isa = PBXBuildFile; fileRef = 148BC2782561BE1F00E90329 /* NetworkManager.swift */; };
		148BC2902562FE3F00E90329 /* OnlineGameViewController.swift in Sources */ = {isa = PBXBuildFile; fileRef = 148BC28F2562FE3F00E90329 /* OnlineGameViewController.swift */; };
		14A2E8092556F0400072F259 /* AppDelegate.swift in Sources */ = {isa = PBXBuildFile; fileRef = 14A2E8082556F0400072F259 /* AppDelegate.swift */; };
		14A2E80B2556F0400072F259 /* SceneDelegate.swift in Sources */ = {isa = PBXBuildFile; fileRef = 14A2E80A2556F0400072F259 /* SceneDelegate.swift */; };
		14A2E80D2556F0400072F259 /* ViewController.swift in Sources */ = {isa = PBXBuildFile; fileRef = 14A2E80C2556F0400072F259 /* ViewController.swift */; };
		14A2E8102556F0400072F259 /* Main.storyboard in Resources */ = {isa = PBXBuildFile; fileRef = 14A2E80E2556F0400072F259 /* Main.storyboard */; };
		14A2E8122556F0430072F259 /* Assets.xcassets in Resources */ = {isa = PBXBuildFile; fileRef = 14A2E8112556F0430072F259 /* Assets.xcassets */; };
		14A2E8152556F0430072F259 /* LaunchScreen.storyboard in Resources */ = {isa = PBXBuildFile; fileRef = 14A2E8132556F0430072F259 /* LaunchScreen.storyboard */; };
		14A2E8202556F0430072F259 /* iosAppsTests.swift in Sources */ = {isa = PBXBuildFile; fileRef = 14A2E81F2556F0430072F259 /* iosAppsTests.swift */; };
		14A2E82B2556F0430072F259 /* iosAppsUITests.swift in Sources */ = {isa = PBXBuildFile; fileRef = 14A2E82A2556F0430072F259 /* iosAppsUITests.swift */; };
		14AF603A256AA43200D61082 /* MyCardPreviewViewController.swift in Sources */ = {isa = PBXBuildFile; fileRef = 14AF6039256AA43200D61082 /* MyCardPreviewViewController.swift */; };
		14AF603F256ABA0B00D61082 /* AddCardViewController.swift in Sources */ = {isa = PBXBuildFile; fileRef = 14AF603E256ABA0B00D61082 /* AddCardViewController.swift */; };
		14AF6044256AF0E000D61082 /* OnlineSearchViewController.swift in Sources */ = {isa = PBXBuildFile; fileRef = 14AF6043256AF0E000D61082 /* OnlineSearchViewController.swift */; };
		14FDADF125594FD400AEBC87 /* PlayerViewController.swift in Sources */ = {isa = PBXBuildFile; fileRef = 14FDADF025594FD400AEBC87 /* PlayerViewController.swift */; };
		14FDADFB25595B0F00AEBC87 /* TypeGameController.swift in Sources */ = {isa = PBXBuildFile; fileRef = 14FDADFA25595B0F00AEBC87 /* TypeGameController.swift */; };
		14FDAE002559A9ED00AEBC87 /* GameViewController.swift in Sources */ = {isa = PBXBuildFile; fileRef = 14FDADFF2559A9ED00AEBC87 /* GameViewController.swift */; };
		14FDAE0D2559ABCE00AEBC87 /* cards.json in Resources */ = {isa = PBXBuildFile; fileRef = 14FDAE0C2559ABCE00AEBC87 /* cards.json */; };
		2244615A0A8B955E946CDABE /* Pods_iosAppsTests.framework in Frameworks */ = {isa = PBXBuildFile; fileRef = 23218CBD5F2CF6DFB148A2B0 /* Pods_iosAppsTests.framework */; };
		57D24BC0806F92C1FBB741DC /* Pods_iosApps.framework in Frameworks */ = {isa = PBXBuildFile; fileRef = 15DC21522FC2B45093267E8E /* Pods_iosApps.framework */; };
		724CAA4EBDB27E6B712D080A /* Pods_iosApps_iosAppsUITests.framework in Frameworks */ = {isa = PBXBuildFile; fileRef = 5C8DF0706422A917227959F7 /* Pods_iosApps_iosAppsUITests.framework */; };
/* End PBXBuildFile section */

/* Begin PBXContainerItemProxy section */
		14A2E81C2556F0430072F259 /* PBXContainerItemProxy */ = {
			isa = PBXContainerItemProxy;
			containerPortal = 14A2E7FD2556F0400072F259 /* Project object */;
			proxyType = 1;
			remoteGlobalIDString = 14A2E8042556F0400072F259;
			remoteInfo = iosApps;
		};
		14A2E8272556F0430072F259 /* PBXContainerItemProxy */ = {
			isa = PBXContainerItemProxy;
			containerPortal = 14A2E7FD2556F0400072F259 /* Project object */;
			proxyType = 1;
			remoteGlobalIDString = 14A2E8042556F0400072F259;
			remoteInfo = iosApps;
		};
/* End PBXContainerItemProxy section */

/* Begin PBXFileReference section */
		11801B85ABF03DCBAFCF3A3A /* Pods-iosApps.release.xcconfig */ = {isa = PBXFileReference; includeInIndex = 1; lastKnownFileType = text.xcconfig; name = "Pods-iosApps.release.xcconfig"; path = "Target Support Files/Pods-iosApps/Pods-iosApps.release.xcconfig"; sourceTree = "<group>"; };
		1477C97D25681B8B006C7FD4 /* LoginViewController.swift */ = {isa = PBXFileReference; lastKnownFileType = sourcecode.swift; path = LoginViewController.swift; sourceTree = "<group>"; };
		1477C98525681DE2006C7FD4 /* Style.swift */ = {isa = PBXFileReference; lastKnownFileType = sourcecode.swift; path = Style.swift; sourceTree = "<group>"; };
		1477C99425699BB3006C7FD4 /* MyCardTableViewCell.swift */ = {isa = PBXFileReference; lastKnownFileType = sourcecode.swift; path = MyCardTableViewCell.swift; sourceTree = "<group>"; };
		1477C99C25699C6D006C7FD4 /* MyCardsTableViewController.swift */ = {isa = PBXFileReference; lastKnownFileType = sourcecode.swift; path = MyCardsTableViewController.swift; sourceTree = "<group>"; };
		148BC2672560118600E90329 /* GameModel.swift */ = {isa = PBXFileReference; lastKnownFileType = sourcecode.swift; path = GameModel.swift; sourceTree = "<group>"; };
		148BC2782561BE1F00E90329 /* NetworkManager.swift */ = {isa = PBXFileReference; lastKnownFileType = sourcecode.swift; path = NetworkManager.swift; sourceTree = "<group>"; };
		148BC28F2562FE3F00E90329 /* OnlineGameViewController.swift */ = {isa = PBXFileReference; lastKnownFileType = sourcecode.swift; path = OnlineGameViewController.swift; sourceTree = "<group>"; };
		14A2E8052556F0400072F259 /* iosApps.app */ = {isa = PBXFileReference; explicitFileType = wrapper.application; includeInIndex = 0; path = iosApps.app; sourceTree = BUILT_PRODUCTS_DIR; };
		14A2E8082556F0400072F259 /* AppDelegate.swift */ = {isa = PBXFileReference; lastKnownFileType = sourcecode.swift; path = AppDelegate.swift; sourceTree = "<group>"; };
		14A2E80A2556F0400072F259 /* SceneDelegate.swift */ = {isa = PBXFileReference; lastKnownFileType = sourcecode.swift; path = SceneDelegate.swift; sourceTree = "<group>"; };
		14A2E80C2556F0400072F259 /* ViewController.swift */ = {isa = PBXFileReference; lastKnownFileType = sourcecode.swift; path = ViewController.swift; sourceTree = "<group>"; };
		14A2E80F2556F0400072F259 /* Base */ = {isa = PBXFileReference; lastKnownFileType = file.storyboard; name = Base; path = Base.lproj/Main.storyboard; sourceTree = "<group>"; };
		14A2E8112556F0430072F259 /* Assets.xcassets */ = {isa = PBXFileReference; lastKnownFileType = folder.assetcatalog; path = Assets.xcassets; sourceTree = "<group>"; };
		14A2E8142556F0430072F259 /* Base */ = {isa = PBXFileReference; lastKnownFileType = file.storyboard; name = Base; path = Base.lproj/LaunchScreen.storyboard; sourceTree = "<group>"; };
		14A2E8162556F0430072F259 /* Info.plist */ = {isa = PBXFileReference; lastKnownFileType = text.plist.xml; path = Info.plist; sourceTree = "<group>"; };
		14A2E81B2556F0430072F259 /* iosAppsTests.xctest */ = {isa = PBXFileReference; explicitFileType = wrapper.cfbundle; includeInIndex = 0; path = iosAppsTests.xctest; sourceTree = BUILT_PRODUCTS_DIR; };
		14A2E81F2556F0430072F259 /* iosAppsTests.swift */ = {isa = PBXFileReference; lastKnownFileType = sourcecode.swift; path = iosAppsTests.swift; sourceTree = "<group>"; };
		14A2E8212556F0430072F259 /* Info.plist */ = {isa = PBXFileReference; lastKnownFileType = text.plist.xml; path = Info.plist; sourceTree = "<group>"; };
		14A2E8262556F0430072F259 /* iosAppsUITests.xctest */ = {isa = PBXFileReference; explicitFileType = wrapper.cfbundle; includeInIndex = 0; path = iosAppsUITests.xctest; sourceTree = BUILT_PRODUCTS_DIR; };
		14A2E82A2556F0430072F259 /* iosAppsUITests.swift */ = {isa = PBXFileReference; lastKnownFileType = sourcecode.swift; path = iosAppsUITests.swift; sourceTree = "<group>"; };
		14A2E82C2556F0430072F259 /* Info.plist */ = {isa = PBXFileReference; lastKnownFileType = text.plist.xml; path = Info.plist; sourceTree = "<group>"; };
		14AF6039256AA43200D61082 /* MyCardPreviewViewController.swift */ = {isa = PBXFileReference; lastKnownFileType = sourcecode.swift; path = MyCardPreviewViewController.swift; sourceTree = "<group>"; };
		14AF603E256ABA0B00D61082 /* AddCardViewController.swift */ = {isa = PBXFileReference; lastKnownFileType = sourcecode.swift; path = AddCardViewController.swift; sourceTree = "<group>"; };
		14AF6043256AF0E000D61082 /* OnlineSearchViewController.swift */ = {isa = PBXFileReference; lastKnownFileType = sourcecode.swift; path = OnlineSearchViewController.swift; sourceTree = "<group>"; };
		14FDADF025594FD400AEBC87 /* PlayerViewController.swift */ = {isa = PBXFileReference; lastKnownFileType = sourcecode.swift; path = PlayerViewController.swift; sourceTree = "<group>"; };
		14FDADFA25595B0F00AEBC87 /* TypeGameController.swift */ = {isa = PBXFileReference; lastKnownFileType = sourcecode.swift; path = TypeGameController.swift; sourceTree = "<group>"; };
		14FDADFF2559A9ED00AEBC87 /* GameViewController.swift */ = {isa = PBXFileReference; lastKnownFileType = sourcecode.swift; path = GameViewController.swift; sourceTree = "<group>"; };
		14FDAE0C2559ABCE00AEBC87 /* cards.json */ = {isa = PBXFileReference; lastKnownFileType = text.json; path = cards.json; sourceTree = "<group>"; xcLanguageSpecificationIdentifier = xcode.lang.json; };
		15DC21522FC2B45093267E8E /* Pods_iosApps.framework */ = {isa = PBXFileReference; explicitFileType = wrapper.framework; includeInIndex = 0; path = Pods_iosApps.framework; sourceTree = BUILT_PRODUCTS_DIR; };
		23218CBD5F2CF6DFB148A2B0 /* Pods_iosAppsTests.framework */ = {isa = PBXFileReference; explicitFileType = wrapper.framework; includeInIndex = 0; path = Pods_iosAppsTests.framework; sourceTree = BUILT_PRODUCTS_DIR; };
		43866F8E2CC754D76284435F /* Pods-iosApps-iosAppsUITests.release.xcconfig */ = {isa = PBXFileReference; includeInIndex = 1; lastKnownFileType = text.xcconfig; name = "Pods-iosApps-iosAppsUITests.release.xcconfig"; path = "Target Support Files/Pods-iosApps-iosAppsUITests/Pods-iosApps-iosAppsUITests.release.xcconfig"; sourceTree = "<group>"; };
		5135FC285D0407A45FFCDF10 /* Pods-iosAppsTests.debug.xcconfig */ = {isa = PBXFileReference; includeInIndex = 1; lastKnownFileType = text.xcconfig; name = "Pods-iosAppsTests.debug.xcconfig"; path = "Target Support Files/Pods-iosAppsTests/Pods-iosAppsTests.debug.xcconfig"; sourceTree = "<group>"; };
		5C8DF0706422A917227959F7 /* Pods_iosApps_iosAppsUITests.framework */ = {isa = PBXFileReference; explicitFileType = wrapper.framework; includeInIndex = 0; path = Pods_iosApps_iosAppsUITests.framework; sourceTree = BUILT_PRODUCTS_DIR; };
		9693A9DFB5CD021184F74F7B /* Pods-iosApps.debug.xcconfig */ = {isa = PBXFileReference; includeInIndex = 1; lastKnownFileType = text.xcconfig; name = "Pods-iosApps.debug.xcconfig"; path = "Target Support Files/Pods-iosApps/Pods-iosApps.debug.xcconfig"; sourceTree = "<group>"; };
		B593D6122ECBCD6E0E701013 /* Pods-iosAppsTests.release.xcconfig */ = {isa = PBXFileReference; includeInIndex = 1; lastKnownFileType = text.xcconfig; name = "Pods-iosAppsTests.release.xcconfig"; path = "Target Support Files/Pods-iosAppsTests/Pods-iosAppsTests.release.xcconfig"; sourceTree = "<group>"; };
		DBF08C8C03B9561A20A76769 /* Pods-iosApps-iosAppsUITests.debug.xcconfig */ = {isa = PBXFileReference; includeInIndex = 1; lastKnownFileType = text.xcconfig; name = "Pods-iosApps-iosAppsUITests.debug.xcconfig"; path = "Target Support Files/Pods-iosApps-iosAppsUITests/Pods-iosApps-iosAppsUITests.debug.xcconfig"; sourceTree = "<group>"; };
/* End PBXFileReference section */

/* Begin PBXFrameworksBuildPhase section */
		14A2E8022556F0400072F259 /* Frameworks */ = {
			isa = PBXFrameworksBuildPhase;
			buildActionMask = 2147483647;
			files = (
				148A818B255AC6470066C9C6 /* BuildFile in Frameworks */,
				57D24BC0806F92C1FBB741DC /* Pods_iosApps.framework in Frameworks */,
			);
			runOnlyForDeploymentPostprocessing = 0;
		};
		14A2E8182556F0430072F259 /* Frameworks */ = {
			isa = PBXFrameworksBuildPhase;
			buildActionMask = 2147483647;
			files = (
				2244615A0A8B955E946CDABE /* Pods_iosAppsTests.framework in Frameworks */,
			);
			runOnlyForDeploymentPostprocessing = 0;
		};
		14A2E8232556F0430072F259 /* Frameworks */ = {
			isa = PBXFrameworksBuildPhase;
			buildActionMask = 2147483647;
			files = (
				724CAA4EBDB27E6B712D080A /* Pods_iosApps_iosAppsUITests.framework in Frameworks */,
			);
			runOnlyForDeploymentPostprocessing = 0;
		};
/* End PBXFrameworksBuildPhase section */

/* Begin PBXGroup section */
		14A2E7FC2556F0400072F259 = {
			isa = PBXGroup;
			children = (
				14A2E8072556F0400072F259 /* iosApps */,
				14A2E81E2556F0430072F259 /* iosAppsTests */,
				14A2E8292556F0430072F259 /* iosAppsUITests */,
				14A2E8062556F0400072F259 /* Products */,
				EAF88E8FE29899C4B7C32BFC /* Pods */,
				DA5902D8156ECF93B0C2A0AA /* Frameworks */,
			);
			sourceTree = "<group>";
		};
		14A2E8062556F0400072F259 /* Products */ = {
			isa = PBXGroup;
			children = (
				14A2E8052556F0400072F259 /* iosApps.app */,
				14A2E81B2556F0430072F259 /* iosAppsTests.xctest */,
				14A2E8262556F0430072F259 /* iosAppsUITests.xctest */,
			);
			name = Products;
			sourceTree = "<group>";
		};
		14A2E8072556F0400072F259 /* iosApps */ = {
			isa = PBXGroup;
			children = (
				14A2E8082556F0400072F259 /* AppDelegate.swift */,
				14A2E80A2556F0400072F259 /* SceneDelegate.swift */,
				14A2E80C2556F0400072F259 /* ViewController.swift */,
				1477C98525681DE2006C7FD4 /* Style.swift */,
				1477C97D25681B8B006C7FD4 /* LoginViewController.swift */,
				14FDADFA25595B0F00AEBC87 /* TypeGameController.swift */,
				14FDADFF2559A9ED00AEBC87 /* GameViewController.swift */,
				1477C99C25699C6D006C7FD4 /* MyCardsTableViewController.swift */,
				14AF6039256AA43200D61082 /* MyCardPreviewViewController.swift */,
				14AF603E256ABA0B00D61082 /* AddCardViewController.swift */,
				14FDADF025594FD400AEBC87 /* PlayerViewController.swift */,
				14AF6043256AF0E000D61082 /* OnlineSearchViewController.swift */,
				148BC28F2562FE3F00E90329 /* OnlineGameViewController.swift */,
				14A2E80E2556F0400072F259 /* Main.storyboard */,
				14A2E8112556F0430072F259 /* Assets.xcassets */,
				14FDAE0C2559ABCE00AEBC87 /* cards.json */,
				14A2E8132556F0430072F259 /* LaunchScreen.storyboard */,
				14A2E8162556F0430072F259 /* Info.plist */,
				1477C99425699BB3006C7FD4 /* MyCardTableViewCell.swift */,
				148BC2672560118600E90329 /* GameModel.swift */,
				148BC2782561BE1F00E90329 /* NetworkManager.swift */,
			);
			path = iosApps;
			sourceTree = "<group>";
		};
		14A2E81E2556F0430072F259 /* iosAppsTests */ = {
			isa = PBXGroup;
			children = (
				14A2E81F2556F0430072F259 /* iosAppsTests.swift */,
				14A2E8212556F0430072F259 /* Info.plist */,
			);
			path = iosAppsTests;
			sourceTree = "<group>";
		};
		14A2E8292556F0430072F259 /* iosAppsUITests */ = {
			isa = PBXGroup;
			children = (
				14A2E82A2556F0430072F259 /* iosAppsUITests.swift */,
				14A2E82C2556F0430072F259 /* Info.plist */,
			);
			path = iosAppsUITests;
			sourceTree = "<group>";
		};
		DA5902D8156ECF93B0C2A0AA /* Frameworks */ = {
			isa = PBXGroup;
			children = (
				15DC21522FC2B45093267E8E /* Pods_iosApps.framework */,
				5C8DF0706422A917227959F7 /* Pods_iosApps_iosAppsUITests.framework */,
				23218CBD5F2CF6DFB148A2B0 /* Pods_iosAppsTests.framework */,
			);
			name = Frameworks;
			sourceTree = "<group>";
		};
		EAF88E8FE29899C4B7C32BFC /* Pods */ = {
			isa = PBXGroup;
			children = (
				9693A9DFB5CD021184F74F7B /* Pods-iosApps.debug.xcconfig */,
				11801B85ABF03DCBAFCF3A3A /* Pods-iosApps.release.xcconfig */,
				DBF08C8C03B9561A20A76769 /* Pods-iosApps-iosAppsUITests.debug.xcconfig */,
				43866F8E2CC754D76284435F /* Pods-iosApps-iosAppsUITests.release.xcconfig */,
				5135FC285D0407A45FFCDF10 /* Pods-iosAppsTests.debug.xcconfig */,
				B593D6122ECBCD6E0E701013 /* Pods-iosAppsTests.release.xcconfig */,
			);
			path = Pods;
			sourceTree = "<group>";
		};
/* End PBXGroup section */

/* Begin PBXNativeTarget section */
		14A2E8042556F0400072F259 /* iosApps */ = {
			isa = PBXNativeTarget;
			buildConfigurationList = 14A2E82F2556F0430072F259 /* Build configuration list for PBXNativeTarget "iosApps" */;
			buildPhases = (
				9A20F04CA19610A096B71552 /* [CP] Check Pods Manifest.lock */,
				14A2E8012556F0400072F259 /* Sources */,
				14A2E8022556F0400072F259 /* Frameworks */,
				14A2E8032556F0400072F259 /* Resources */,
				E6B74CB79FBD5762A2A4EFB6 /* [CP] Embed Pods Frameworks */,
			);
			buildRules = (
			);
			dependencies = (
			);
			name = iosApps;
			packageProductDependencies = (
				148A818A255AC6470066C9C6 /* SwiftPackageProductDependency */,
			);
			productName = iosApps;
			productReference = 14A2E8052556F0400072F259 /* iosApps.app */;
			productType = "com.apple.product-type.application";
		};
		14A2E81A2556F0430072F259 /* iosAppsTests */ = {
			isa = PBXNativeTarget;
			buildConfigurationList = 14A2E8322556F0430072F259 /* Build configuration list for PBXNativeTarget "iosAppsTests" */;
			buildPhases = (
				AE91E3316C6D1358213B873B /* [CP] Check Pods Manifest.lock */,
				14A2E8172556F0430072F259 /* Sources */,
				14A2E8182556F0430072F259 /* Frameworks */,
				14A2E8192556F0430072F259 /* Resources */,
			);
			buildRules = (
			);
			dependencies = (
				14A2E81D2556F0430072F259 /* PBXTargetDependency */,
			);
			name = iosAppsTests;
			productName = iosAppsTests;
			productReference = 14A2E81B2556F0430072F259 /* iosAppsTests.xctest */;
			productType = "com.apple.product-type.bundle.unit-test";
		};
		14A2E8252556F0430072F259 /* iosAppsUITests */ = {
			isa = PBXNativeTarget;
			buildConfigurationList = 14A2E8352556F0430072F259 /* Build configuration list for PBXNativeTarget "iosAppsUITests" */;
			buildPhases = (
				0D4300A7429838AFAD38CB65 /* [CP] Check Pods Manifest.lock */,
				14A2E8222556F0430072F259 /* Sources */,
				14A2E8232556F0430072F259 /* Frameworks */,
				14A2E8242556F0430072F259 /* Resources */,
				C7C468060AC5F8BD2C8BF978 /* [CP] Embed Pods Frameworks */,
			);
			buildRules = (
			);
			dependencies = (
				14A2E8282556F0430072F259 /* PBXTargetDependency */,
			);
			name = iosAppsUITests;
			productName = iosAppsUITests;
			productReference = 14A2E8262556F0430072F259 /* iosAppsUITests.xctest */;
			productType = "com.apple.product-type.bundle.ui-testing";
		};
/* End PBXNativeTarget section */

/* Begin PBXProject section */
		14A2E7FD2556F0400072F259 /* Project object */ = {
			isa = PBXProject;
			attributes = {
				LastSwiftUpdateCheck = 1220;
				LastUpgradeCheck = 1220;
				TargetAttributes = {
					14A2E8042556F0400072F259 = {
						CreatedOnToolsVersion = 12.2;
					};
					14A2E81A2556F0430072F259 = {
						CreatedOnToolsVersion = 12.2;
						TestTargetID = 14A2E8042556F0400072F259;
					};
					14A2E8252556F0430072F259 = {
						CreatedOnToolsVersion = 12.2;
						TestTargetID = 14A2E8042556F0400072F259;
					};
				};
			};
			buildConfigurationList = 14A2E8002556F0400072F259 /* Build configuration list for PBXProject "iosApps" */;
			compatibilityVersion = "Xcode 9.3";
			developmentRegion = en;
			hasScannedForEncodings = 0;
			knownRegions = (
				en,
				Base,
			);
			mainGroup = 14A2E7FC2556F0400072F259;
			packageReferences = (
				148A8189255AC6470066C9C6 /* RemoteSwiftPackageReference */,
			);
			productRefGroup = 14A2E8062556F0400072F259 /* Products */;
			projectDirPath = "";
			projectRoot = "";
			targets = (
				14A2E8042556F0400072F259 /* iosApps */,
				14A2E81A2556F0430072F259 /* iosAppsTests */,
				14A2E8252556F0430072F259 /* iosAppsUITests */,
			);
		};
/* End PBXProject section */

/* Begin PBXResourcesBuildPhase section */
		14A2E8032556F0400072F259 /* Resources */ = {
			isa = PBXResourcesBuildPhase;
			buildActionMask = 2147483647;
			files = (
				14FDAE0D2559ABCE00AEBC87 /* cards.json in Resources */,
				14A2E8152556F0430072F259 /* LaunchScreen.storyboard in Resources */,
				14A2E8122556F0430072F259 /* Assets.xcassets in Resources */,
				14A2E8102556F0400072F259 /* Main.storyboard in Resources */,
			);
			runOnlyForDeploymentPostprocessing = 0;
		};
		14A2E8192556F0430072F259 /* Resources */ = {
			isa = PBXResourcesBuildPhase;
			buildActionMask = 2147483647;
			files = (
			);
			runOnlyForDeploymentPostprocessing = 0;
		};
		14A2E8242556F0430072F259 /* Resources */ = {
			isa = PBXResourcesBuildPhase;
			buildActionMask = 2147483647;
			files = (
			);
			runOnlyForDeploymentPostprocessing = 0;
		};
/* End PBXResourcesBuildPhase section */

/* Begin PBXShellScriptBuildPhase section */
		0D4300A7429838AFAD38CB65 /* [CP] Check Pods Manifest.lock */ = {
			isa = PBXShellScriptBuildPhase;
			buildActionMask = 2147483647;
			files = (
			);
			inputFileListPaths = (
			);
			inputPaths = (
				"${PODS_PODFILE_DIR_PATH}/Podfile.lock",
				"${PODS_ROOT}/Manifest.lock",
			);
			name = "[CP] Check Pods Manifest.lock";
			outputFileListPaths = (
			);
			outputPaths = (
				"$(DERIVED_FILE_DIR)/Pods-iosApps-iosAppsUITests-checkManifestLockResult.txt",
			);
			runOnlyForDeploymentPostprocessing = 0;
			shellPath = /bin/sh;
			shellScript = "diff \"${PODS_PODFILE_DIR_PATH}/Podfile.lock\" \"${PODS_ROOT}/Manifest.lock\" > /dev/null\nif [ $? != 0 ] ; then\n    # print error to STDERR\n    echo \"error: The sandbox is not in sync with the Podfile.lock. Run 'pod install' or update your CocoaPods installation.\" >&2\n    exit 1\nfi\n# This output is used by Xcode 'outputs' to avoid re-running this script phase.\necho \"SUCCESS\" > \"${SCRIPT_OUTPUT_FILE_0}\"\n";
			showEnvVarsInLog = 0;
		};
		9A20F04CA19610A096B71552 /* [CP] Check Pods Manifest.lock */ = {
			isa = PBXShellScriptBuildPhase;
			buildActionMask = 2147483647;
			files = (
			);
			inputFileListPaths = (
			);
			inputPaths = (
				"${PODS_PODFILE_DIR_PATH}/Podfile.lock",
				"${PODS_ROOT}/Manifest.lock",
			);
			name = "[CP] Check Pods Manifest.lock";
			outputFileListPaths = (
			);
			outputPaths = (
				"$(DERIVED_FILE_DIR)/Pods-iosApps-checkManifestLockResult.txt",
			);
			runOnlyForDeploymentPostprocessing = 0;
			shellPath = /bin/sh;
			shellScript = "diff \"${PODS_PODFILE_DIR_PATH}/Podfile.lock\" \"${PODS_ROOT}/Manifest.lock\" > /dev/null\nif [ $? != 0 ] ; then\n    # print error to STDERR\n    echo \"error: The sandbox is not in sync with the Podfile.lock. Run 'pod install' or update your CocoaPods installation.\" >&2\n    exit 1\nfi\n# This output is used by Xcode 'outputs' to avoid re-running this script phase.\necho \"SUCCESS\" > \"${SCRIPT_OUTPUT_FILE_0}\"\n";
			showEnvVarsInLog = 0;
		};
		AE91E3316C6D1358213B873B /* [CP] Check Pods Manifest.lock */ = {
			isa = PBXShellScriptBuildPhase;
			buildActionMask = 2147483647;
			files = (
			);
			inputFileListPaths = (
			);
			inputPaths = (
				"${PODS_PODFILE_DIR_PATH}/Podfile.lock",
				"${PODS_ROOT}/Manifest.lock",
			);
			name = "[CP] Check Pods Manifest.lock";
			outputFileListPaths = (
			);
			outputPaths = (
				"$(DERIVED_FILE_DIR)/Pods-iosAppsTests-checkManifestLockResult.txt",
			);
			runOnlyForDeploymentPostprocessing = 0;
			shellPath = /bin/sh;
			shellScript = "diff \"${PODS_PODFILE_DIR_PATH}/Podfile.lock\" \"${PODS_ROOT}/Manifest.lock\" > /dev/null\nif [ $? != 0 ] ; then\n    # print error to STDERR\n    echo \"error: The sandbox is not in sync with the Podfile.lock. Run 'pod install' or update your CocoaPods installation.\" >&2\n    exit 1\nfi\n# This output is used by Xcode 'outputs' to avoid re-running this script phase.\necho \"SUCCESS\" > \"${SCRIPT_OUTPUT_FILE_0}\"\n";
			showEnvVarsInLog = 0;
		};
		C7C468060AC5F8BD2C8BF978 /* [CP] Embed Pods Frameworks */ = {
			isa = PBXShellScriptBuildPhase;
			buildActionMask = 2147483647;
			files = (
			);
			inputFileListPaths = (
				"${PODS_ROOT}/Target Support Files/Pods-iosApps-iosAppsUITests/Pods-iosApps-iosAppsUITests-frameworks-${CONFIGURATION}-input-files.xcfilelist",
			);
			name = "[CP] Embed Pods Frameworks";
			outputFileListPaths = (
				"${PODS_ROOT}/Target Support Files/Pods-iosApps-iosAppsUITests/Pods-iosApps-iosAppsUITests-frameworks-${CONFIGURATION}-output-files.xcfilelist",
			);
			runOnlyForDeploymentPostprocessing = 0;
			shellPath = /bin/sh;
			shellScript = "\"${PODS_ROOT}/Target Support Files/Pods-iosApps-iosAppsUITests/Pods-iosApps-iosAppsUITests-frameworks.sh\"\n";
			showEnvVarsInLog = 0;
		};
		E6B74CB79FBD5762A2A4EFB6 /* [CP] Embed Pods Frameworks */ = {
			isa = PBXShellScriptBuildPhase;
			buildActionMask = 2147483647;
			files = (
			);
			inputFileListPaths = (
				"${PODS_ROOT}/Target Support Files/Pods-iosApps/Pods-iosApps-frameworks-${CONFIGURATION}-input-files.xcfilelist",
			);
			name = "[CP] Embed Pods Frameworks";
			outputFileListPaths = (
				"${PODS_ROOT}/Target Support Files/Pods-iosApps/Pods-iosApps-frameworks-${CONFIGURATION}-output-files.xcfilelist",
			);
			runOnlyForDeploymentPostprocessing = 0;
			shellPath = /bin/sh;
			shellScript = "\"${PODS_ROOT}/Target Support Files/Pods-iosApps/Pods-iosApps-frameworks.sh\"\n";
			showEnvVarsInLog = 0;
		};
/* End PBXShellScriptBuildPhase section */

/* Begin PBXSourcesBuildPhase section */
		14A2E8012556F0400072F259 /* Sources */ = {
			isa = PBXSourcesBuildPhase;
			buildActionMask = 2147483647;
			files = (
				148BC2792561BE2000E90329 /* NetworkManager.swift in Sources */,
				14AF603A256AA43200D61082 /* MyCardPreviewViewController.swift in Sources */,
				14FDAE002559A9ED00AEBC87 /* GameViewController.swift in Sources */,
				14A2E80D2556F0400072F259 /* ViewController.swift in Sources */,
				14FDADF125594FD400AEBC87 /* PlayerViewController.swift in Sources */,
				14FDADFB25595B0F00AEBC87 /* TypeGameController.swift in Sources */,
				14A2E8092556F0400072F259 /* AppDelegate.swift in Sources */,
				148BC2902562FE3F00E90329 /* OnlineGameViewController.swift in Sources */,
				14A2E80B2556F0400072F259 /* SceneDelegate.swift in Sources */,
				1477C99D25699C6D006C7FD4 /* MyCardsTableViewController.swift in Sources */,
				14AF6044256AF0E000D61082 /* OnlineSearchViewController.swift in Sources */,
				1477C99525699BB3006C7FD4 /* MyCardTableViewCell.swift in Sources */,
				148BC2682560118600E90329 /* GameModel.swift in Sources */,
				1477C97E25681B8B006C7FD4 /* LoginViewController.swift in Sources */,
				1477C98625681DE2006C7FD4 /* Style.swift in Sources */,
				14AF603F256ABA0B00D61082 /* AddCardViewController.swift in Sources */,
			);
			runOnlyForDeploymentPostprocessing = 0;
		};
		14A2E8172556F0430072F259 /* Sources */ = {
			isa = PBXSourcesBuildPhase;
			buildActionMask = 2147483647;
			files = (
				14A2E8202556F0430072F259 /* iosAppsTests.swift in Sources */,
			);
			runOnlyForDeploymentPostprocessing = 0;
		};
		14A2E8222556F0430072F259 /* Sources */ = {
			isa = PBXSourcesBuildPhase;
			buildActionMask = 2147483647;
			files = (
				14A2E82B2556F0430072F259 /* iosAppsUITests.swift in Sources */,
			);
			runOnlyForDeploymentPostprocessing = 0;
		};
/* End PBXSourcesBuildPhase section */

/* Begin PBXTargetDependency section */
		14A2E81D2556F0430072F259 /* PBXTargetDependency */ = {
			isa = PBXTargetDependency;
			target = 14A2E8042556F0400072F259 /* iosApps */;
			targetProxy = 14A2E81C2556F0430072F259 /* PBXContainerItemProxy */;
		};
		14A2E8282556F0430072F259 /* PBXTargetDependency */ = {
			isa = PBXTargetDependency;
			target = 14A2E8042556F0400072F259 /* iosApps */;
			targetProxy = 14A2E8272556F0430072F259 /* PBXContainerItemProxy */;
		};
/* End PBXTargetDependency section */

/* Begin PBXVariantGroup section */
		14A2E80E2556F0400072F259 /* Main.storyboard */ = {
			isa = PBXVariantGroup;
			children = (
				14A2E80F2556F0400072F259 /* Base */,
			);
			name = Main.storyboard;
			sourceTree = "<group>";
		};
		14A2E8132556F0430072F259 /* LaunchScreen.storyboard */ = {
			isa = PBXVariantGroup;
			children = (
				14A2E8142556F0430072F259 /* Base */,
			);
			name = LaunchScreen.storyboard;
			sourceTree = "<group>";
		};
/* End PBXVariantGroup section */

/* Begin XCBuildConfiguration section */
		14A2E82D2556F0430072F259 /* Debug */ = {
			isa = XCBuildConfiguration;
			buildSettings = {
				ALWAYS_SEARCH_USER_PATHS = NO;
				CLANG_ANALYZER_NONNULL = YES;
				CLANG_ANALYZER_NUMBER_OBJECT_CONVERSION = YES_AGGRESSIVE;
				CLANG_CXX_LANGUAGE_STANDARD = "gnu++14";
				CLANG_CXX_LIBRARY = "libc++";
				CLANG_ENABLE_MODULES = YES;
				CLANG_ENABLE_OBJC_ARC = YES;
				CLANG_ENABLE_OBJC_WEAK = YES;
				CLANG_WARN_BLOCK_CAPTURE_AUTORELEASING = YES;
				CLANG_WARN_BOOL_CONVERSION = YES;
				CLANG_WARN_COMMA = YES;
				CLANG_WARN_CONSTANT_CONVERSION = YES;
				CLANG_WARN_DEPRECATED_OBJC_IMPLEMENTATIONS = YES;
				CLANG_WARN_DIRECT_OBJC_ISA_USAGE = YES_ERROR;
				CLANG_WARN_DOCUMENTATION_COMMENTS = YES;
				CLANG_WARN_EMPTY_BODY = YES;
				CLANG_WARN_ENUM_CONVERSION = YES;
				CLANG_WARN_INFINITE_RECURSION = YES;
				CLANG_WARN_INT_CONVERSION = YES;
				CLANG_WARN_NON_LITERAL_NULL_CONVERSION = YES;
				CLANG_WARN_OBJC_IMPLICIT_RETAIN_SELF = YES;
				CLANG_WARN_OBJC_LITERAL_CONVERSION = YES;
				CLANG_WARN_OBJC_ROOT_CLASS = YES_ERROR;
				CLANG_WARN_QUOTED_INCLUDE_IN_FRAMEWORK_HEADER = YES;
				CLANG_WARN_RANGE_LOOP_ANALYSIS = YES;
				CLANG_WARN_STRICT_PROTOTYPES = YES;
				CLANG_WARN_SUSPICIOUS_MOVE = YES;
				CLANG_WARN_UNGUARDED_AVAILABILITY = YES_AGGRESSIVE;
				CLANG_WARN_UNREACHABLE_CODE = YES;
				CLANG_WARN__DUPLICATE_METHOD_MATCH = YES;
				COPY_PHASE_STRIP = NO;
				DEBUG_INFORMATION_FORMAT = dwarf;
				ENABLE_STRICT_OBJC_MSGSEND = YES;
				ENABLE_TESTABILITY = YES;
				GCC_C_LANGUAGE_STANDARD = gnu11;
				GCC_DYNAMIC_NO_PIC = NO;
				GCC_NO_COMMON_BLOCKS = YES;
				GCC_OPTIMIZATION_LEVEL = 0;
				GCC_PREPROCESSOR_DEFINITIONS = (
					"DEBUG=1",
					"$(inherited)",
				);
				GCC_WARN_64_TO_32_BIT_CONVERSION = YES;
				GCC_WARN_ABOUT_RETURN_TYPE = YES_ERROR;
				GCC_WARN_UNDECLARED_SELECTOR = YES;
				GCC_WARN_UNINITIALIZED_AUTOS = YES_AGGRESSIVE;
				GCC_WARN_UNUSED_FUNCTION = YES;
				GCC_WARN_UNUSED_VARIABLE = YES;
				IPHONEOS_DEPLOYMENT_TARGET = 14.2;
				MTL_ENABLE_DEBUG_INFO = INCLUDE_SOURCE;
				MTL_FAST_MATH = YES;
				ONLY_ACTIVE_ARCH = YES;
				SDKROOT = iphoneos;
				SWIFT_ACTIVE_COMPILATION_CONDITIONS = DEBUG;
				SWIFT_OPTIMIZATION_LEVEL = "-Onone";
			};
			name = Debug;
		};
		14A2E82E2556F0430072F259 /* Release */ = {
			isa = XCBuildConfiguration;
			buildSettings = {
				ALWAYS_SEARCH_USER_PATHS = NO;
				CLANG_ANALYZER_NONNULL = YES;
				CLANG_ANALYZER_NUMBER_OBJECT_CONVERSION = YES_AGGRESSIVE;
				CLANG_CXX_LANGUAGE_STANDARD = "gnu++14";
				CLANG_CXX_LIBRARY = "libc++";
				CLANG_ENABLE_MODULES = YES;
				CLANG_ENABLE_OBJC_ARC = YES;
				CLANG_ENABLE_OBJC_WEAK = YES;
				CLANG_WARN_BLOCK_CAPTURE_AUTORELEASING = YES;
				CLANG_WARN_BOOL_CONVERSION = YES;
				CLANG_WARN_COMMA = YES;
				CLANG_WARN_CONSTANT_CONVERSION = YES;
				CLANG_WARN_DEPRECATED_OBJC_IMPLEMENTATIONS = YES;
				CLANG_WARN_DIRECT_OBJC_ISA_USAGE = YES_ERROR;
				CLANG_WARN_DOCUMENTATION_COMMENTS = YES;
				CLANG_WARN_EMPTY_BODY = YES;
				CLANG_WARN_ENUM_CONVERSION = YES;
				CLANG_WARN_INFINITE_RECURSION = YES;
				CLANG_WARN_INT_CONVERSION = YES;
				CLANG_WARN_NON_LITERAL_NULL_CONVERSION = YES;
				CLANG_WARN_OBJC_IMPLICIT_RETAIN_SELF = YES;
				CLANG_WARN_OBJC_LITERAL_CONVERSION = YES;
				CLANG_WARN_OBJC_ROOT_CLASS = YES_ERROR;
				CLANG_WARN_QUOTED_INCLUDE_IN_FRAMEWORK_HEADER = YES;
				CLANG_WARN_RANGE_LOOP_ANALYSIS = YES;
				CLANG_WARN_STRICT_PROTOTYPES = YES;
				CLANG_WARN_SUSPICIOUS_MOVE = YES;
				CLANG_WARN_UNGUARDED_AVAILABILITY = YES_AGGRESSIVE;
				CLANG_WARN_UNREACHABLE_CODE = YES;
				CLANG_WARN__DUPLICATE_METHOD_MATCH = YES;
				COPY_PHASE_STRIP = NO;
				DEBUG_INFORMATION_FORMAT = "dwarf-with-dsym";
				ENABLE_NS_ASSERTIONS = NO;
				ENABLE_STRICT_OBJC_MSGSEND = YES;
				GCC_C_LANGUAGE_STANDARD = gnu11;
				GCC_NO_COMMON_BLOCKS = YES;
				GCC_WARN_64_TO_32_BIT_CONVERSION = YES;
				GCC_WARN_ABOUT_RETURN_TYPE = YES_ERROR;
				GCC_WARN_UNDECLARED_SELECTOR = YES;
				GCC_WARN_UNINITIALIZED_AUTOS = YES_AGGRESSIVE;
				GCC_WARN_UNUSED_FUNCTION = YES;
				GCC_WARN_UNUSED_VARIABLE = YES;
				IPHONEOS_DEPLOYMENT_TARGET = 14.2;
				MTL_ENABLE_DEBUG_INFO = NO;
				MTL_FAST_MATH = YES;
				SDKROOT = iphoneos;
				SWIFT_COMPILATION_MODE = wholemodule;
				SWIFT_OPTIMIZATION_LEVEL = "-O";
				VALIDATE_PRODUCT = YES;
			};
			name = Release;
		};
		14A2E8302556F0430072F259 /* Debug */ = {
			isa = XCBuildConfiguration;
			baseConfigurationReference = 9693A9DFB5CD021184F74F7B /* Pods-iosApps.debug.xcconfig */;
			buildSettings = {
				ASSETCATALOG_COMPILER_APPICON_NAME = AppIcon;
				ASSETCATALOG_COMPILER_GLOBAL_ACCENT_COLOR_NAME = AccentColor;
				CODE_SIGN_STYLE = Automatic;
				INFOPLIST_FILE = iosApps/Info.plist;
				LD_RUNPATH_SEARCH_PATHS = (
					"$(inherited)",
					"@executable_path/Frameworks",
				);
				PRODUCT_BUNDLE_IDENTIFIER = Test.iosApps;
				PRODUCT_NAME = "$(TARGET_NAME)";
				SWIFT_VERSION = 5.0;
				TARGETED_DEVICE_FAMILY = "1,2";
			};
			name = Debug;
		};
		14A2E8312556F0430072F259 /* Release */ = {
			isa = XCBuildConfiguration;
			baseConfigurationReference = 11801B85ABF03DCBAFCF3A3A /* Pods-iosApps.release.xcconfig */;
			buildSettings = {
				ASSETCATALOG_COMPILER_APPICON_NAME = AppIcon;
				ASSETCATALOG_COMPILER_GLOBAL_ACCENT_COLOR_NAME = AccentColor;
				CODE_SIGN_STYLE = Automatic;
				INFOPLIST_FILE = iosApps/Info.plist;
				LD_RUNPATH_SEARCH_PATHS = (
					"$(inherited)",
					"@executable_path/Frameworks",
				);
				PRODUCT_BUNDLE_IDENTIFIER = Test.iosApps;
				PRODUCT_NAME = "$(TARGET_NAME)";
				SWIFT_VERSION = 5.0;
				TARGETED_DEVICE_FAMILY = "1,2";
			};
			name = Release;
		};
		14A2E8332556F0430072F259 /* Debug */ = {
			isa = XCBuildConfiguration;
			baseConfigurationReference = 5135FC285D0407A45FFCDF10 /* Pods-iosAppsTests.debug.xcconfig */;
			buildSettings = {
				ALWAYS_EMBED_SWIFT_STANDARD_LIBRARIES = YES;
				BUNDLE_LOADER = "$(TEST_HOST)";
				CODE_SIGN_STYLE = Automatic;
				INFOPLIST_FILE = iosAppsTests/Info.plist;
				IPHONEOS_DEPLOYMENT_TARGET = 14.2;
				LD_RUNPATH_SEARCH_PATHS = (
					"$(inherited)",
					"@executable_path/Frameworks",
					"@loader_path/Frameworks",
				);
				PRODUCT_BUNDLE_IDENTIFIER = Test.iosAppsTests;
				PRODUCT_NAME = "$(TARGET_NAME)";
				SWIFT_VERSION = 5.0;
				TARGETED_DEVICE_FAMILY = "1,2";
				TEST_HOST = "$(BUILT_PRODUCTS_DIR)/iosApps.app/iosApps";
			};
			name = Debug;
		};
		14A2E8342556F0430072F259 /* Release */ = {
			isa = XCBuildConfiguration;
			baseConfigurationReference = B593D6122ECBCD6E0E701013 /* Pods-iosAppsTests.release.xcconfig */;
			buildSettings = {
				ALWAYS_EMBED_SWIFT_STANDARD_LIBRARIES = YES;
				BUNDLE_LOADER = "$(TEST_HOST)";
				CODE_SIGN_STYLE = Automatic;
				INFOPLIST_FILE = iosAppsTests/Info.plist;
				IPHONEOS_DEPLOYMENT_TARGET = 14.2;
				LD_RUNPATH_SEARCH_PATHS = (
					"$(inherited)",
					"@executable_path/Frameworks",
					"@loader_path/Frameworks",
				);
				PRODUCT_BUNDLE_IDENTIFIER = Test.iosAppsTests;
				PRODUCT_NAME = "$(TARGET_NAME)";
				SWIFT_VERSION = 5.0;
				TARGETED_DEVICE_FAMILY = "1,2";
				TEST_HOST = "$(BUILT_PRODUCTS_DIR)/iosApps.app/iosApps";
			};
			name = Release;
		};
		14A2E8362556F0430072F259 /* Debug */ = {
			isa = XCBuildConfiguration;
			baseConfigurationReference = DBF08C8C03B9561A20A76769 /* Pods-iosApps-iosAppsUITests.debug.xcconfig */;
			buildSettings = {
				ALWAYS_EMBED_SWIFT_STANDARD_LIBRARIES = YES;
				CODE_SIGN_STYLE = Automatic;
				INFOPLIST_FILE = iosAppsUITests/Info.plist;
				LD_RUNPATH_SEARCH_PATHS = (
					"$(inherited)",
					"@executable_path/Frameworks",
					"@loader_path/Frameworks",
				);
				PRODUCT_BUNDLE_IDENTIFIER = Test.iosAppsUITests;
				PRODUCT_NAME = "$(TARGET_NAME)";
				SWIFT_VERSION = 5.0;
				TARGETED_DEVICE_FAMILY = "1,2";
				TEST_TARGET_NAME = iosApps;
			};
			name = Debug;
		};
		14A2E8372556F0430072F259 /* Release */ = {
			isa = XCBuildConfiguration;
			baseConfigurationReference = 43866F8E2CC754D76284435F /* Pods-iosApps-iosAppsUITests.release.xcconfig */;
			buildSettings = {
				ALWAYS_EMBED_SWIFT_STANDARD_LIBRARIES = YES;
				CODE_SIGN_STYLE = Automatic;
				INFOPLIST_FILE = iosAppsUITests/Info.plist;
				LD_RUNPATH_SEARCH_PATHS = (
					"$(inherited)",
					"@executable_path/Frameworks",
					"@loader_path/Frameworks",
				);
				PRODUCT_BUNDLE_IDENTIFIER = Test.iosAppsUITests;
				PRODUCT_NAME = "$(TARGET_NAME)";
				SWIFT_VERSION = 5.0;
				TARGETED_DEVICE_FAMILY = "1,2";
				TEST_TARGET_NAME = iosApps;
			};
			name = Release;
		};
/* End XCBuildConfiguration section */

/* Begin XCConfigurationList section */
		14A2E8002556F0400072F259 /* Build configuration list for PBXProject "iosApps" */ = {
			isa = XCConfigurationList;
			buildConfigurations = (
				14A2E82D2556F0430072F259 /* Debug */,
				14A2E82E2556F0430072F259 /* Release */,
			);
			defaultConfigurationIsVisible = 0;
			defaultConfigurationName = Release;
		};
		14A2E82F2556F0430072F259 /* Build configuration list for PBXNativeTarget "iosApps" */ = {
			isa = XCConfigurationList;
			buildConfigurations = (
				14A2E8302556F0430072F259 /* Debug */,
				14A2E8312556F0430072F259 /* Release */,
			);
			defaultConfigurationIsVisible = 0;
			defaultConfigurationName = Release;
		};
		14A2E8322556F0430072F259 /* Build configuration list for PBXNativeTarget "iosAppsTests" */ = {
			isa = XCConfigurationList;
			buildConfigurations = (
				14A2E8332556F0430072F259 /* Debug */,
				14A2E8342556F0430072F259 /* Release */,
			);
			defaultConfigurationIsVisible = 0;
			defaultConfigurationName = Release;
		};
		14A2E8352556F0430072F259 /* Build configuration list for PBXNativeTarget "iosAppsUITests" */ = {
			isa = XCConfigurationList;
			buildConfigurations = (
				14A2E8362556F0430072F259 /* Debug */,
				14A2E8372556F0430072F259 /* Release */,
			);
			defaultConfigurationIsVisible = 0;
			defaultConfigurationName = Release;
		};
/* End XCConfigurationList section */

/* Begin XCRemoteSwiftPackageReference section */
		148A8189255AC6470066C9C6 /* RemoteSwiftPackageReference */ = {
			isa = XCRemoteSwiftPackageReference;
			repositoryURL = "https://github.com/SwiftyJSON/SwiftyJSON.git";
			requirement = {
				kind = upToNextMajorVersion;
				minimumVersion = 5.0.0;
			};
		};
/* End XCRemoteSwiftPackageReference section */

/* Begin XCSwiftPackageProductDependency section */
		148A818A255AC6470066C9C6 /* SwiftPackageProductDependency */ = {
			isa = XCSwiftPackageProductDependency;
			package = 148A8189255AC6470066C9C6 /* RemoteSwiftPackageReference */;
			productName = SwiftyJSON;
		};
/* End XCSwiftPackageProductDependency section */
	};
	rootObject = 14A2E7FD2556F0400072F259 /* Project object */;
}
